
Microsoft Visual Studio Solution File, Format Version 12.00
# Visual Studio Version 17
VisualStudioVersion = 17.11.35303.130
MinimumVisualStudioVersion = 10.0.40219.1
Project("{FAE04EC0-301F-11D3-BF4B-00C04F79EFBC}") = "sync & async", "sync & async\sync & async.csproj", "{5B98D8A8-E128-4A91-8C5F-3BB67D80DBCE}"
EndProject
Global
	GlobalSection(SolutionConfigurationPlatforms) = preSolution
		Debug|Any CPU = Debug|Any CPU
		Release|Any CPU = Release|Any CPU
	EndGlobalSection
	GlobalSection(ProjectConfigurationPlatforms) = postSolution
		{5B98D8A8-E128-4A91-8C5F-3BB67D80DBCE}.Debug|Any CPU.ActiveCfg = Debug|Any CPU
		{5B98D8A8-E128-4A91-8C5F-3BB67D80DBCE}.Debug|Any CPU.Build.0 = Debug|Any CPU
		{5B98D8A8-E128-4A91-8C5F-3BB67D80DBCE}.Release|Any CPU.ActiveCfg = Release|Any CPU
		{5B98D8A8-E128-4A91-8C5F-3BB67D80DBCE}.Release|Any CPU.Build.0 = Release|Any CPU
	EndGlobalSection
	GlobalSection(SolutionProperties) = preSolution
		HideSolutionNode = FALSE
	EndGlobalSection
	GlobalSection(ExtensibilityGlobals) = postSolution
		SolutionGuid = {0EEA8FA5-FBE1-4DAC-91E5-0863C60A5ACA}
	EndGlobalSection
EndGlobal
